Microsoft Visual Studio Solution File, Format Version 12.00
# Visual Studio Version 17
VisualStudioVersion = 17.5.2.0
MinimumVisualStudioVersion = 10.0.40219.1
Project("{FAE04EC0-301F-11D3-BF4B-00C04F79EFBC}") = "CruiserLoader", "CruiserLoader.csproj", "{D49055CD-A784-B4DA-ED76-359AA12CAC10}"
EndProject
Global
	GlobalSection(SolutionConfigurationPlatforms) = preSolution
		Debug|Any CPU = Debug|Any CPU
		Release|Any CPU = Release|Any CPU
	EndGlobalSection
	GlobalSection(ProjectConfigurationPlatforms) = postSolution
		{D49055CD-A784-B4DA-ED76-359AA12CAC10}.Debug|Any CPU.ActiveCfg = Debug|Any CPU
		{D49055CD-A784-B4DA-ED76-359AA12CAC10}.Debug|Any CPU.Build.0 = Debug|Any CPU
		{D49055CD-A784-B4DA-ED76-359AA12CAC10}.Release|Any CPU.ActiveCfg = Release|Any CPU
		{D49055CD-A784-B4DA-ED76-359AA12CAC10}.Release|Any CPU.Build.0 = Release|Any CPU
	EndGlobalSection
	GlobalSection(SolutionProperties) = preSolution
		HideSolutionNode = FALSE
	EndGlobalSection
	GlobalSection(ExtensibilityGlobals) = postSolution
		SolutionGuid = {6730BAA8-4C79-403A-AD2A-F263326D2A56}
	EndGlobalSection
EndGlobal
